// !$*UTF8*$!
{
	archiveVersion = 1;
	classes = {
	};
	objectVersion = 56;
	objects = {

/* Begin PBXBuildFile section */
		782D29AF2A244502008EE088 /* AppDelegate.swift in Sources */ = {isa = PBXBuildFile; fileRef = 782D29AE2A244502008EE088 /* AppDelegate.swift */; };
		782D29B12A244502008EE088 /* SceneDelegate.swift in Sources */ = {isa = PBXBuildFile; fileRef = 782D29B02A244502008EE088 /* SceneDelegate.swift */; };
		782D29B62A244502008EE088 /* Main.storyboard in Resources */ = {isa = PBXBuildFile; fileRef = 782D29B42A244502008EE088 /* Main.storyboard */; };
		782D29B82A244503008EE088 /* Assets.xcassets in Resources */ = {isa = PBXBuildFile; fileRef = 782D29B72A244503008EE088 /* Assets.xcassets */; };
		782D29BB2A244503008EE088 /* LaunchScreen.storyboard in Resources */ = {isa = PBXBuildFile; fileRef = 782D29B92A244503008EE088 /* LaunchScreen.storyboard */; };
		782D29C62A244504008EE088 /* PlayVideoTests.swift in Sources */ = {isa = PBXBuildFile; fileRef = 782D29C52A244504008EE088 /* PlayVideoTests.swift */; };
		782D29D02A244504008EE088 /* PlayVideoUITests.swift in Sources */ = {isa = PBXBuildFile; fileRef = 782D29CF2A244504008EE088 /* PlayVideoUITests.swift */; };
		782D29D22A244504008EE088 /* PlayVideoUITestsLaunchTests.swift in Sources */ = {isa = PBXBuildFile; fileRef = 782D29D12A244504008EE088 /* PlayVideoUITestsLaunchTests.swift */; };
		782D29E02A244591008EE088 /* MainViewController.swift in Sources */ = {isa = PBXBuildFile; fileRef = 782D29DE2A244591008EE088 /* MainViewController.swift */; };
		782D29E12A244591008EE088 /* MainViewController.xib in Resources */ = {isa = PBXBuildFile; fileRef = 782D29DF2A244591008EE088 /* MainViewController.xib */; };
/* End PBXBuildFile section */

/* Begin PBXContainerItemProxy section */
		782D29C22A244504008EE088 /* PBXContainerItemProxy */ = {
			isa = PBXContainerItemProxy;
			containerPortal = 782D29A32A244502008EE088 /* Project object */;
			proxyType = 1;
			remoteGlobalIDString = 782D29AA2A244502008EE088;
			remoteInfo = PlayVideo;
		};
		782D29CC2A244504008EE088 /* PBXContainerItemProxy */ = {
			isa = PBXContainerItemProxy;
			containerPortal = 782D29A32A244502008EE088 /* Project object */;
			proxyType = 1;
			remoteGlobalIDString = 782D29AA2A244502008EE088;
			remoteInfo = PlayVideo;
		};
/* End PBXContainerItemProxy section */

/* Begin PBXFileReference section */
		782D29AB2A244502008EE088 /* PlayVideo.app */ = {isa = PBXFileReference; explicitFileType = wrapper.application; includeInIndex = 0; path = PlayVideo.app; sourceTree = BUILT_PRODUCTS_DIR; };
		782D29AE2A244502008EE088 /* AppDelegate.swift */ = {isa = PBXFileReference; lastKnownFileType = sourcecode.swift; path = AppDelegate.swift; sourceTree = "<group>"; };
		782D29B02A244502008EE088 /* SceneDelegate.swift */ = {isa = PBXFileReference; lastKnownFileType = sourcecode.swift; path = SceneDelegate.swift; sourceTree = "<group>"; };
		782D29B52A244502008EE088 /* Base */ = {isa = PBXFileReference; lastKnownFileType = file.storyboard; name = Base; path = Base.lproj/Main.storyboard; sourceTree = "<group>"; };
		782D29B72A244503008EE088 /* Assets.xcassets */ = {isa = PBXFileReference; lastKnownFileType = folder.assetcatalog; path = Assets.xcassets; sourceTree = "<group>"; };
		782D29BA2A244503008EE088 /* Base */ = {isa = PBXFileReference; lastKnownFileType = file.storyboard; name = Base; path = Base.lproj/LaunchScreen.storyboard; sourceTree = "<group>"; };
		782D29BC2A244503008EE088 /* Info.plist */ = {isa = PBXFileReference; lastKnownFileType = text.plist.xml; path = Info.plist; sourceTree = "<group>"; };
		782D29C12A244504008EE088 /* PlayVideoTests.xctest */ = {isa = PBXFileReference; explicitFileType = wrapper.cfbundle; includeInIndex = 0; path = PlayVideoTests.xctest; sourceTree = BUILT_PRODUCTS_DIR; };
		782D29C52A244504008EE088 /* PlayVideoTests.swift */ = {isa = PBXFileReference; lastKnownFileType = sourcecode.swift; path = PlayVideoTests.swift; sourceTree = "<group>"; };
		782D29CB2A244504008EE088 /* PlayVideoUITests.xctest */ = {isa = PBXFileReference; explicitFileType = wrapper.cfbundle; includeInIndex = 0; path = PlayVideoUITests.xctest; sourceTree = BUILT_PRODUCTS_DIR; };
		782D29CF2A244504008EE088 /* PlayVideoUITests.swift */ = {isa = PBXFileReference; lastKnownFileType = sourcecode.swift; path = PlayVideoUITests.swift; sourceTree = "<group>"; };
		782D29D12A244504008EE088 /* PlayVideoUITestsLaunchTests.swift */ = {isa = PBXFileReference; lastKnownFileType = sourcecode.swift; path = PlayVideoUITestsLaunchTests.swift; sourceTree = "<group>"; };
		782D29DE2A244591008EE088 /* MainViewController.swift */ = {isa = PBXFileReference; lastKnownFileType = sourcecode.swift; path = MainViewController.swift; sourceTree = "<group>"; };
		782D29DF2A244591008EE088 /* MainViewController.xib */ = {isa = PBXFileReference; lastKnownFileType = file.xib; path = MainViewController.xib; sourceTree = "<group>"; };
/* End PBXFileReference section */

/* Begin PBXFrameworksBuildPhase section */
		782D29A82A244502008EE088 /* Frameworks */ = {
			isa = PBXFrameworksBuildPhase;
			buildActionMask = 2147483647;
			files = (
			);
			runOnlyForDeploymentPostprocessing = 0;
		};
		782D29BE2A244504008EE088 /* Frameworks */ = {
			isa = PBXFrameworksBuildPhase;
			buildActionMask = 2147483647;
			files = (
			);
			runOnlyForDeploymentPostprocessing = 0;
		};
		782D29C82A244504008EE088 /* Frameworks */ = {
			isa = PBXFrameworksBuildPhase;
			buildActionMask = 2147483647;
			files = (
			);
			runOnlyForDeploymentPostprocessing = 0;
		};
/* End PBXFrameworksBuildPhase section */

/* Begin PBXGroup section */
		782D29A22A244502008EE088 = {
			isa = PBXGroup;
			children = (
				782D29AD2A244502008EE088 /* PlayVideo */,
				782D29C42A244504008EE088 /* PlayVideoTests */,
				782D29CE2A244504008EE088 /* PlayVideoUITests */,
				782D29AC2A244502008EE088 /* Products */,
			);
			sourceTree = "<group>";
		};
		782D29AC2A244502008EE088 /* Products */ = {
			isa = PBXGroup;
			children = (
				782D29AB2A244502008EE088 /* PlayVideo.app */,
				782D29C12A244504008EE088 /* PlayVideoTests.xctest */,
				782D29CB2A244504008EE088 /* PlayVideoUITests.xctest */,
			);
			name = Products;
			sourceTree = "<group>";
		};
		782D29AD2A244502008EE088 /* PlayVideo */ = {
			isa = PBXGroup;
			children = (
				782D29AE2A244502008EE088 /* AppDelegate.swift */,
				782D29B02A244502008EE088 /* SceneDelegate.swift */,
				782D29B42A244502008EE088 /* Main.storyboard */,
				782D29B72A244503008EE088 /* Assets.xcassets */,
				782D29B92A244503008EE088 /* LaunchScreen.storyboard */,
				782D29BC2A244503008EE088 /* Info.plist */,
				782D29DE2A244591008EE088 /* MainViewController.swift */,
				782D29DF2A244591008EE088 /* MainViewController.xib */,
			);
			path = PlayVideo;
			sourceTree = "<group>";
		};
		782D29C42A244504008EE088 /* PlayVideoTests */ = {
			isa = PBXGroup;
			children = (
				782D29C52A244504008EE088 /* PlayVideoTests.swift */,
			);
			path = PlayVideoTests;
			sourceTree = "<group>";
		};
		782D29CE2A244504008EE088 /* PlayVideoUITests */ = {
			isa = PBXGroup;
			children = (
				782D29CF2A244504008EE088 /* PlayVideoUITests.swift */,
				782D29D12A244504008EE088 /* PlayVideoUITestsLaunchTests.swift */,
			);
			path = PlayVideoUITests;
			sourceTree = "<group>";
		};
/* End PBXGroup section */

/* Begin PBXNativeTarget section */
		782D29AA2A244502008EE088 /* PlayVideo */ = {
			isa = PBXNativeTarget;
			buildConfigurationList = 782D29D52A244504008EE088 /* Build configuration list for PBXNativeTarget "PlayVideo" */;
			buildPhases = (
				782D29A72A244502008EE088 /* Sources */,
				782D29A82A244502008EE088 /* Frameworks */,
				782D29A92A244502008EE088 /* Resources */,
			);
			buildRules = (
			);
			dependencies = (
			);
			name = PlayVideo;
			productName = PlayVideo;
			productReference = 782D29AB2A244502008EE088 /* PlayVideo.app */;
			productType = "com.apple.product-type.application";
		};
		782D29C02A244504008EE088 /* PlayVideoTests */ = {
			isa = PBXNativeTarget;
			buildConfigurationList = 782D29D82A244504008EE088 /* Build configuration list for PBXNativeTarget "PlayVideoTests" */;
			buildPhases = (
				782D29BD2A244504008EE088 /* Sources */,
				782D29BE2A244504008EE088 /* Frameworks */,
				782D29BF2A244504008EE088 /* Resources */,
			);
			buildRules = (
			);
			dependencies = (
				782D29C32A244504008EE088 /* PBXTargetDependency */,
			);
			name = PlayVideoTests;
			productName = PlayVideoTests;
			productReference = 782D29C12A244504008EE088 /* PlayVideoTests.xctest */;
			productType = "com.apple.product-type.bundle.unit-test";
		};
		782D29CA2A244504008EE088 /* PlayVideoUITests */ = {
			isa = PBXNativeTarget;
			buildConfigurationList = 782D29DB2A244504008EE088 /* Build configuration list for PBXNativeTarget "PlayVideoUITests" */;
			buildPhases = (
				782D29C72A244504008EE088 /* Sources */,
				782D29C82A244504008EE088 /* Frameworks */,
				782D29C92A244504008EE088 /* Resources */,
			);
			buildRules = (
			);
			dependencies = (
				782D29CD2A244504008EE088 /* PBXTargetDependency */,
			);
			name = PlayVideoUITests;
			productName = PlayVideoUITests;
			productReference = 782D29CB2A244504008EE088 /* PlayVideoUITests.xctest */;
			productType = "com.apple.product-type.bundle.ui-testing";
		};
/* End PBXNativeTarget section */

/* Begin PBXProject section */
		782D29A32A244502008EE088 /* Project object */ = {
			isa = PBXProject;
			attributes = {
				BuildIndependentTargetsInParallel = 1;
				LastSwiftUpdateCheck = 1430;
				LastUpgradeCheck = 1430;
				TargetAttributes = {
					782D29AA2A244502008EE088 = {
						CreatedOnToolsVersion = 14.3;
					};
					782D29C02A244504008EE088 = {
						CreatedOnToolsVersion = 14.3;
						TestTargetID = 782D29AA2A244502008EE088;
					};
					782D29CA2A244504008EE088 = {
						CreatedOnToolsVersion = 14.3;
						TestTargetID = 782D29AA2A244502008EE088;
					};
				};
			};
			buildConfigurationList = 782D29A62A244502008EE088 /* Build configuration list for PBXProject "PlayVideo" */;
			compatibilityVersion = "Xcode 14.0";
			developmentRegion = en;
			hasScannedForEncodings = 0;
			knownRegions = (
				en,
				Base,
			);
			mainGroup = 782D29A22A244502008EE088;
			productRefGroup = 782D29AC2A244502008EE088 /* Products */;
			projectDirPath = "";
			projectRoot = "";
			targets = (
				782D29AA2A244502008EE088 /* PlayVideo */,
				782D29C02A244504008EE088 /* PlayVideoTests */,
				782D29CA2A244504008EE088 /* PlayVideoUITests */,
			);
		};
/* End PBXProject section */

/* Begin PBXResourcesBuildPhase section */
		782D29A92A244502008EE088 /* Resources */ = {
			isa = PBXResourcesBuildPhase;
			buildActionMask = 2147483647;
			files = (
				782D29BB2A244503008EE088 /* LaunchScreen.storyboard in Resources */,
				782D29B82A244503008EE088 /* Assets.xcassets in Resources */,
				782D29B62A244502008EE088 /* Main.storyboard in Resources */,
				782D29E12A244591008EE088 /* MainViewController.xib in Resources */,
			);
			runOnlyForDeploymentPostprocessing = 0;
		};
		782D29BF2A244504008EE088 /* Resources */ = {
			isa = PBXResourcesBuildPhase;
			buildActionMask = 2147483647;
			files = (
			);
			runOnlyForDeploymentPostprocessing = 0;
		};
		782D29C92A244504008EE088 /* Resources */ = {
			isa = PBXResourcesBuildPhase;
			buildActionMask = 2147483647;
			files = (
			);
			runOnlyForDeploymentPostprocessing = 0;
		};
/* End PBXResourcesBuildPhase section */

/* Begin PBXSourcesBuildPhase section */
		782D29A72A244502008EE088 /* Sources */ = {
			isa = PBXSourcesBuildPhase;
			buildActionMask = 2147483647;
			files = (
				782D29E02A244591008EE088 /* MainViewController.swift in Sources */,
				782D29AF2A244502008EE088 /* AppDelegate.swift in Sources */,
				782D29B12A244502008EE088 /* SceneDelegate.swift in Sources */,
			);
			runOnlyForDeploymentPostprocessing = 0;
		};
		782D29BD2A244504008EE088 /* Sources */ = {
			isa = PBXSourcesBuildPhase;
			buildActionMask = 2147483647;
			files = (
				782D29C62A244504008EE088 /* PlayVideoTests.swift in Sources */,
			);
			runOnlyForDeploymentPostprocessing = 0;
		};
		782D29C72A244504008EE088 /* Sources */ = {
			isa = PBXSourcesBuildPhase;
			buildActionMask = 2147483647;
			files = (
				782D29D22A244504008EE088 /* PlayVideoUITestsLaunchTests.swift in Sources */,
				782D29D02A244504008EE088 /* PlayVideoUITests.swift in Sources */,
			);
			runOnlyForDeploymentPostprocessing = 0;
		};
/* End PBXSourcesBuildPhase section */

/* Begin PBXTargetDependency section */
		782D29C32A244504008EE088 /* PBXTargetDependency */ = {
			isa = PBXTargetDependency;
			target = 782D29AA2A244502008EE088 /* PlayVideo */;
			targetProxy = 782D29C22A244504008EE088 /* PBXContainerItemProxy */;
		};
		782D29CD2A244504008EE088 /* PBXTargetDependency */ = {
			isa = PBXTargetDependency;
			target = 782D29AA2A244502008EE088 /* PlayVideo */;
			targetProxy = 782D29CC2A244504008EE088 /* PBXContainerItemProxy */;
		};
/* End PBXTargetDependency section */

/* Begin PBXVariantGroup section */
		782D29B42A244502008EE088 /* Main.storyboard */ = {
			isa = PBXVariantGroup;
			children = (
				782D29B52A244502008EE088 /* Base */,
			);
			name = Main.storyboard;
			sourceTree = "<group>";
		};
		782D29B92A244503008EE088 /* LaunchScreen.storyboard */ = {
			isa = PBXVariantGroup;
			children = (
				782D29BA2A244503008EE088 /* Base */,
			);
			name = LaunchScreen.storyboard;
			sourceTree = "<group>";
		};
/* End PBXVariantGroup section */

/* Begin XCBuildConfiguration section */
		782D29D32A244504008EE088 /* Debug */ = {
			isa = XCBuildConfiguration;
			buildSettings = {
				ALWAYS_SEARCH_USER_PATHS = NO;
				CLANG_ANALYZER_NONNULL = YES;
				CLANG_ANALYZER_NUMBER_OBJECT_CONVERSION = YES_AGGRESSIVE;
				CLANG_CXX_LANGUAGE_STANDARD = "gnu++20";
				CLANG_ENABLE_MODULES = YES;
				CLANG_ENABLE_OBJC_ARC = YES;
				CLANG_ENABLE_OBJC_WEAK = YES;
				CLANG_WARN_BLOCK_CAPTURE_AUTORELEASING = YES;
				CLANG_WARN_BOOL_CONVERSION = YES;
				CLANG_WARN_COMMA = YES;
				CLANG_WARN_CONSTANT_CONVERSION = YES;
				CLANG_WARN_DEPRECATED_OBJC_IMPLEMENTATIONS = YES;
				CLANG_WARN_DIRECT_OBJC_ISA_USAGE = YES_ERROR;
				CLANG_WARN_DOCUMENTATION_COMMENTS = YES;
				CLANG_WARN_EMPTY_BODY = YES;
				CLANG_WARN_ENUM_CONVERSION = YES;
				CLANG_WARN_INFINITE_RECURSION = YES;
				CLANG_WARN_INT_CONVERSION = YES;
				CLANG_WARN_NON_LITERAL_NULL_CONVERSION = YES;
				CLANG_WARN_OBJC_IMPLICIT_RETAIN_SELF = YES;
				CLANG_WARN_OBJC_LITERAL_CONVERSION = YES;
				CLANG_WARN_OBJC_ROOT_CLASS = YES_ERROR;
				CLANG_WARN_QUOTED_INCLUDE_IN_FRAMEWORK_HEADER = YES;
				CLANG_WARN_RANGE_LOOP_ANALYSIS = YES;
				CLANG_WARN_STRICT_PROTOTYPES = YES;
				CLANG_WARN_SUSPICIOUS_MOVE = YES;
				CLANG_WARN_UNGUARDED_AVAILABILITY = YES_AGGRESSIVE;
				CLANG_WARN_UNREACHABLE_CODE = YES;
				CLANG_WARN__DUPLICATE_METHOD_MATCH = YES;
				COPY_PHASE_STRIP = NO;
				DEBUG_INFORMATION_FORMAT = dwarf;
				ENABLE_STRICT_OBJC_MSGSEND = YES;
				ENABLE_TESTABILITY = YES;
				GCC_C_LANGUAGE_STANDARD = gnu11;
				GCC_DYNAMIC_NO_PIC = NO;
				GCC_NO_COMMON_BLOCKS = YES;
				GCC_OPTIMIZATION_LEVEL = 0;
				GCC_PREPROCESSOR_DEFINITIONS = (
					"DEBUG=1",
					"$(inherited)",
				);
				GCC_WARN_64_TO_32_BIT_CONVERSION = YES;
				GCC_WARN_ABOUT_RETURN_TYPE = YES_ERROR;
				GCC_WARN_UNDECLARED_SELECTOR = YES;
				GCC_WARN_UNINITIALIZED_AUTOS = YES_AGGRESSIVE;
				GCC_WARN_UNUSED_FUNCTION = YES;
				GCC_WARN_UNUSED_VARIABLE = YES;
				IPHONEOS_DEPLOYMENT_TARGET = 16.4;
				MTL_ENABLE_DEBUG_INFO = INCLUDE_SOURCE;
				MTL_FAST_MATH = YES;
				ONLY_ACTIVE_ARCH = YES;
				SDKROOT = iphoneos;
				SWIFT_ACTIVE_COMPILATION_CONDITIONS = DEBUG;
				SWIFT_OPTIMIZATION_LEVEL = "-Onone";
			};
			name = Debug;
		};
		782D29D42A244504008EE088 /* Release */ = {
			isa = XCBuildConfiguration;
			buildSettings = {
				ALWAYS_SEARCH_USER_PATHS = NO;
				CLANG_ANALYZER_NONNULL = YES;
				CLANG_ANALYZER_NUMBER_OBJECT_CONVERSION = YES_AGGRESSIVE;
				CLANG_CXX_LANGUAGE_STANDARD = "gnu++20";
				CLANG_ENABLE_MODULES = YES;
				CLANG_ENABLE_OBJC_ARC = YES;
				CLANG_ENABLE_OBJC_WEAK = YES;
				CLANG_WARN_BLOCK_CAPTURE_AUTORELEASING = YES;
				CLANG_WARN_BOOL_CONVERSION = YES;
				CLANG_WARN_COMMA = YES;
				CLANG_WARN_CONSTANT_CONVERSION = YES;
				CLANG_WARN_DEPRECATED_OBJC_IMPLEMENTATIONS = YES;
				CLANG_WARN_DIRECT_OBJC_ISA_USAGE = YES_ERROR;
				CLANG_WARN_DOCUMENTATION_COMMENTS = YES;
				CLANG_WARN_EMPTY_BODY = YES;
				CLANG_WARN_ENUM_CONVERSION = YES;
				CLANG_WARN_INFINITE_RECURSION = YES;
				CLANG_WARN_INT_CONVERSION = YES;
				CLANG_WARN_NON_LITERAL_NULL_CONVERSION = YES;
				CLANG_WARN_OBJC_IMPLICIT_RETAIN_SELF = YES;
				CLANG_WARN_OBJC_LITERAL_CONVERSION = YES;
				CLANG_WARN_OBJC_ROOT_CLASS = YES_ERROR;
				CLANG_WARN_QUOTED_INCLUDE_IN_FRAMEWORK_HEADER = YES;
				CLANG_WARN_RANGE_LOOP_ANALYSIS = YES;
				CLANG_WARN_STRICT_PROTOTYPES = YES;
				CLANG_WARN_SUSPICIOUS_MOVE = YES;
				CLANG_WARN_UNGUARDED_AVAILABILITY = YES_AGGRESSIVE;
				CLANG_WARN_UNREACHABLE_CODE = YES;
				CLANG_WARN__DUPLICATE_METHOD_MATCH = YES;
				COPY_PHASE_STRIP = NO;
				DEBUG_INFORMATION_FORMAT = "dwarf-with-dsym";
				ENABLE_NS_ASSERTIONS = NO;
				ENABLE_STRICT_OBJC_MSGSEND = YES;
				GCC_C_LANGUAGE_STANDARD = gnu11;
				GCC_NO_COMMON_BLOCKS = YES;
				GCC_WARN_64_TO_32_BIT_CONVERSION = YES;
				GCC_WARN_ABOUT_RETURN_TYPE = YES_ERROR;
				GCC_WARN_UNDECLARED_SELECTOR = YES;
				GCC_WARN_UNINITIALIZED_AUTOS = YES_AGGRESSIVE;
				GCC_WARN_UNUSED_FUNCTION = YES;
				GCC_WARN_UNUSED_VARIABLE = YES;
				IPHONEOS_DEPLOYMENT_TARGET = 16.4;
				MTL_ENABLE_DEBUG_INFO = NO;
				MTL_FAST_MATH = YES;
				SDKROOT = iphoneos;
				SWIFT_COMPILATION_MODE = wholemodule;
				SWIFT_OPTIMIZATION_LEVEL = "-O";
				VALIDATE_PRODUCT = YES;
			};
			name = Release;
		};
		782D29D62A244504008EE088 /* Debug */ = {
			isa = XCBuildConfiguration;
			buildSettings = {
				ASSETCATALOG_COMPILER_APPICON_NAME = AppIcon;
				ASSETCATALOG_COMPILER_GLOBAL_ACCENT_COLOR_NAME = AccentColor;
				CODE_SIGN_IDENTITY = "Apple Development";
				CODE_SIGN_STYLE = Manual;
				CURRENT_PROJECT_VERSION = 1;
				DEVELOPMENT_TEAM = "";
				GENERATE_INFOPLIST_FILE = YES;
				INFOPLIST_FILE = PlayVideo/Info.plist;
				INFOPLIST_KEY_UIApplicationSupportsIndirectInputEvents = YES;
				INFOPLIST_KEY_UILaunchStoryboardName = LaunchScreen;
				INFOPLIST_KEY_UIMainStoryboardFile = Main;
				INFOPLIST_KEY_UISupportedInterfaceOrientations_iPad = "UIInterfaceOrientationPortrait UIInterfaceOrientationPortraitUpsideDown UIInterfaceOrientationLandscapeLeft UIInterfaceOrientationLandscapeRight";
				INFOPLIST_KEY_UISupportedInterfaceOrientations_iPhone = "UIInterfaceOrientationPortrait UIInterfaceOrientationLandscapeLeft UIInterfaceOrientationLandscapeRight";
				IPHONEOS_DEPLOYMENT_TARGET = 16.0;
				LD_RUNPATH_SEARCH_PATHS = (
					"$(inherited)",
					"@executable_path/Frameworks",
				);
				MARKETING_VERSION = 1.0;
				PRODUCT_BUNDLE_IDENTIFIER = a.PlayVideo;
				PRODUCT_NAME = "$(TARGET_NAME)";
				PROVISIONING_PROFILE_SPECIFIER = "";
				SWIFT_EMIT_LOC_STRINGS = YES;
				SWIFT_VERSION = 5.0;
				TARGETED_DEVICE_FAMILY = "1,2";
			};
			name = Debug;
		};
		782D29D72A244504008EE088 /* Release */ = {
			isa = XCBuildConfiguration;
			buildSettings = {
				ASSETCATALOG_COMPILER_APPICON_NAME = AppIcon;
				ASSETCATALOG_COMPILER_GLOBAL_ACCENT_COLOR_NAME = AccentColor;
				CODE_SIGN_STYLE = Manual;
				CURRENT_PROJECT_VERSION = 1;
				DEVELOPMENT_TEAM = "";
				GENERATE_INFOPLIST_FILE = YES;
				INFOPLIST_FILE = PlayVideo/Info.plist;
				INFOPLIST_KEY_UIApplicationSupportsIndirectInputEvents = YES;
				INFOPLIST_KEY_UILaunchStoryboardName = LaunchScreen;
				INFOPLIST_KEY_UIMainStoryboardFile = Main;
				INFOPLIST_KEY_UISupportedInterfaceOrientations_iPad = "UIInterfaceOrientationPortrait UIInterfaceOrientationPortraitUpsideDown UIInterfaceOrientationLandscapeLeft UIInterfaceOrientationLandscapeRight";
				INFOPLIST_KEY_UISupportedInterfaceOrientations_iPhone = "UIInterfaceOrientationPortrait UIInterfaceOrientationLandscapeLeft UIInterfaceOrientationLandscapeRight";
				IPHONEOS_DEPLOYMENT_TARGET = 16.0;
				LD_RUNPATH_SEARCH_PATHS = (
					"$(inherited)",
					"@executable_path/Frameworks",
				);
				MARKETING_VERSION = 1.0;
				PRODUCT_BUNDLE_IDENTIFIER = a.PlayVideo;
				PRODUCT_NAME = "$(TARGET_NAME)";
				PROVISIONING_PROFILE_SPECIFIER = "";
				SWIFT_EMIT_LOC_STRINGS = YES;
				SWIFT_VERSION = 5.0;
				TARGETED_DEVICE_FAMILY = "1,2";
			};
			name = Release;
		};
		782D29D92A244504008EE088 /* Debug */ = {
			isa = XCBuildConfiguration;
			buildSettings = {
				ALWAYS_EMBED_SWIFT_STANDARD_LIBRARIES = YES;
				BUNDLE_LOADER = "$(TEST_HOST)";
				CODE_SIGN_STYLE = Automatic;
				CURRENT_PROJECT_VERSION = 1;
				DEVELOPMENT_TEAM = TJXGBYQSW8;
				GENERATE_INFOPLIST_FILE = YES;
				IPHONEOS_DEPLOYMENT_TARGET = 16.4;
				MARKETING_VERSION = 1.0;
				PRODUCT_BUNDLE_IDENTIFIER = a.PlayVideoTests;
				PRODUCT_NAME = "$(TARGET_NAME)";
				SWIFT_EMIT_LOC_STRINGS = NO;
				SWIFT_VERSION = 5.0;
				TARGETED_DEVICE_FAMILY = "1,2";
				TEST_HOST = "$(BUILT_PRODUCTS_DIR)/PlayVideo.app/$(BUNDLE_EXECUTABLE_FOLDER_PATH)/PlayVideo";
			};
			name = Debug;
		};
		782D29DA2A244504008EE088 /* Release */ = {
			isa = XCBuildConfiguration;
			buildSettings = {
				ALWAYS_EMBED_SWIFT_STANDARD_LIBRARIES = YES;
				BUNDLE_LOADER = "$(TEST_HOST)";
				CODE_SIGN_STYLE = Automatic;
				CURRENT_PROJECT_VERSION = 1;
				DEVELOPMENT_TEAM = TJXGBYQSW8;
				GENERATE_INFOPLIST_FILE = YES;
				IPHONEOS_DEPLOYMENT_TARGET = 16.4;
				MARKETING_VERSION = 1.0;
				PRODUCT_BUNDLE_IDENTIFIER = a.PlayVideoTests;
				PRODUCT_NAME = "$(TARGET_NAME)";
				SWIFT_EMIT_LOC_STRINGS = NO;
				SWIFT_VERSION = 5.0;
				TARGETED_DEVICE_FAMILY = "1,2";
				TEST_HOST = "$(BUILT_PRODUCTS_DIR)/PlayVideo.app/$(BUNDLE_EXECUTABLE_FOLDER_PATH)/PlayVideo";
			};
			name = Release;
		};
		782D29DC2A244504008EE088 /* Debug */ = {
			isa = XCBuildConfiguration;
			buildSettings = {
				ALWAYS_EMBED_SWIFT_STANDARD_LIBRARIES = YES;
				CODE_SIGN_STYLE = Automatic;
				CURRENT_PROJECT_VERSION = 1;
				DEVELOPMENT_TEAM = TJXGBYQSW8;
				GENERATE_INFOPLIST_FILE = YES;
				MARKETING_VERSION = 1.0;
				PRODUCT_BUNDLE_IDENTIFIER = a.PlayVideoUITests;
				PRODUCT_NAME = "$(TARGET_NAME)";
				SWIFT_EMIT_LOC_STRINGS = NO;
				SWIFT_VERSION = 5.0;
				TARGETED_DEVICE_FAMILY = "1,2";
				TEST_TARGET_NAME = PlayVideo;
			};
			name = Debug;
		};
		782D29DD2A244504008EE088 /* Release */ = {
			isa = XCBuildConfiguration;
			buildSettings = {
				ALWAYS_EMBED_SWIFT_STANDARD_LIBRARIES = YES;
				CODE_SIGN_STYLE = Automatic;
				CURRENT_PROJECT_VERSION = 1;
				DEVELOPMENT_TEAM = TJXGBYQSW8;
				GENERATE_INFOPLIST_FILE = YES;
				MARKETING_VERSION = 1.0;
				PRODUCT_BUNDLE_IDENTIFIER = a.PlayVideoUITests;
				PRODUCT_NAME = "$(TARGET_NAME)";
				SWIFT_EMIT_LOC_STRINGS = NO;
				SWIFT_VERSION = 5.0;
				TARGETED_DEVICE_FAMILY = "1,2";
				TEST_TARGET_NAME = PlayVideo;
			};
			name = Release;
		};
/* End XCBuildConfiguration section */

/* Begin XCConfigurationList section */
		782D29A62A244502008EE088 /* Build configuration list for PBXProject "PlayVideo" */ = {
			isa = XCConfigurationList;
			buildConfigurations = (
				782D29D32A244504008EE088 /* Debug */,
				782D29D42A244504008EE088 /* Release */,
			);
			defaultConfigurationIsVisible = 0;
			defaultConfigurationName = Release;
		};
		782D29D52A244504008EE088 /* Build configuration list for PBXNativeTarget "PlayVideo" */ = {
			isa = XCConfigurationList;
			buildConfigurations = (
				782D29D62A244504008EE088 /* Debug */,
				782D29D72A244504008EE088 /* Release */,
			);
			defaultConfigurationIsVisible = 0;
			defaultConfigurationName = Release;
		};
		782D29D82A244504008EE088 /* Build configuration list for PBXNativeTarget "PlayVideoTests" */ = {
			isa = XCConfigurationList;
			buildConfigurations = (
				782D29D92A244504008EE088 /* Debug */,
				782D29DA2A244504008EE088 /* Release */,
			);
			defaultConfigurationIsVisible = 0;
			defaultConfigurationName = Release;
		};
		782D29DB2A244504008EE088 /* Build configuration list for PBXNativeTarget "PlayVideoUITests" */ = {
			isa = XCConfigurationList;
			buildConfigurations = (
				782D29DC2A244504008EE088 /* Debug */,
				782D29DD2A244504008EE088 /* Release */,
			);
			defaultConfigurationIsVisible = 0;
			defaultConfigurationName = Release;
		};
/* End XCConfigurationList section */
	};
	rootObject = 782D29A32A244502008EE088 /* Project object */;
}
